schema: '2.0'
stages:
  data_prep:
    cmd: python src/data_prep.py
    deps:
    - path: data/raw/telco_churn.csv
      hash: md5
      md5: ac40be7770ac4b2e22a43d2ec75a2bad
      size: 883371
    - path: src/data_prep.py
      hash: md5
      md5: 7a001c6523f64060500efd7ebf3a5eb4
      size: 1883
    outs:
    - path: data/processed/telco_churn_clean.csv
      hash: md5
      md5: ac40be7770ac4b2e22a43d2ec75a2bad
      size: 883371
  train:
    cmd: python src/train.py
    deps:
    - path: data/processed/telco_churn_clean.csv
      hash: md5
      md5: ac40be7770ac4b2e22a43d2ec75a2bad
      size: 883371
    - path: params.yaml
      hash: md5
      md5: 4047be54757397c6d831f1a8211e957d
      size: 98
    - path: src/train.py
      hash: md5
      md5: d317b32bd89de1407986cd6a17f63437
      size: 3030
    outs:
    - path: metrics.json
      hash: md5
      md5: 5f6bb49d10bac3b4a74a9c313b573778
      size: 131
    - path: models/encoders.pkl
      hash: md5
      md5: 874d49195fdad8ae3779643eac20ae22
      size: 2049
    - path: models/model.pkl
      hash: md5
      md5: dcf2f23518ce476641d020d039326788
      size: 1387
  evaluate:
    cmd: python src/evaluate.py
    deps:
    - path: data/processed/telco_churn_clean.csv
      hash: md5
      md5: ac40be7770ac4b2e22a43d2ec75a2bad
      size: 883371
    - path: models/model.pkl
      hash: md5
      md5: dcf2f23518ce476641d020d039326788
      size: 1387
    - path: src/evaluate.py
      hash: md5
      md5: 0f5d979eae1f648ed62e17b0e1d17ba7
      size: 2580
    outs:
    - path: eval_plots/
      hash: md5
      md5: 30b614eddd4b183e1a1458393baaff47.dir
      size: 52838
      nfiles: 2
